
Microsoft Visual Studio Solution File, Format Version 12.00
# Visual Studio Version 16
VisualStudioVersion = 16.0.28803.452
MinimumVisualStudioVersion = 10.0.40219.1
Project("{9A19103F-16F7-4668-BE54-9A1E7A4F7556}") = "FluentFFmpeg.Core", "src\FluentFFmpeg.Core\FluentFFmpeg.Core.csproj", "{02A64A74-28E9-4D0F-8FA1-FA97CED66F54}"
EndProject
Project("{9A19103F-16F7-4668-BE54-9A1E7A4F7556}") = "FluentFFmpeg.Test", "test\FluentFFmpeg.Test\FluentFFmpeg.Test.csproj", "{ABBAE906-FD48-485F-833B-EEC7895EAC47}"
EndProject
Global
	GlobalSection(SolutionConfigurationPlatforms) = preSolution
		Debug|Any CPU = Debug|Any CPU
		Release|Any CPU = Release|Any CPU
	EndGlobalSection
	GlobalSection(ProjectConfigurationPlatforms) = postSolution
		{02A64A74-28E9-4D0F-8FA1-FA97CED66F54}.Debug|Any CPU.ActiveCfg = Debug|Any CPU
		{02A64A74-28E9-4D0F-8FA1-FA97CED66F54}.Debug|Any CPU.Build.0 = Debug|Any CPU
		{02A64A74-28E9-4D0F-8FA1-FA97CED66F54}.Release|Any CPU.ActiveCfg = Release|Any CPU
		{02A64A74-28E9-4D0F-8FA1-FA97CED66F54}.Release|Any CPU.Build.0 = Release|Any CPU
		{ABBAE906-FD48-485F-833B-EEC7895EAC47}.Debug|Any CPU.ActiveCfg = Debug|Any CPU
		{ABBAE906-FD48-485F-833B-EEC7895EAC47}.Debug|Any CPU.Build.0 = Debug|Any CPU
		{ABBAE906-FD48-485F-833B-EEC7895EAC47}.Release|Any CPU.ActiveCfg = Release|Any CPU
		{ABBAE906-FD48-485F-833B-EEC7895EAC47}.Release|Any CPU.Build.0 = Release|Any CPU
	EndGlobalSection
	GlobalSection(SolutionProperties) = preSolution
		HideSolutionNode = FALSE
	EndGlobalSection
	GlobalSection(ExtensibilityGlobals) = postSolution
		SolutionGuid = {96BF9338-2BA5-4965-9056-D317BB31B03E}
	EndGlobalSection
EndGlobal
